
Microsoft Visual Studio Solution File, Format Version 12.00
# Visual Studio 15
VisualStudioVersion = 15.0.26730.3
MinimumVisualStudioVersion = 10.0.40219.1
Project("{FAE04EC0-301F-11D3-BF4B-00C04F79EFBC}") = "Forms.Benchmark.Android", "Forms.Benchmark\Forms.Benchmark.Android\Forms.Benchmark.Android.csproj", "{A471CC09-FF54-4A59-8673-7E32436574D1}"
EndProject
Project("{FAE04EC0-301F-11D3-BF4B-00C04F79EFBC}") = "Forms.Benchmark", "Forms.Benchmark\Forms.Benchmark\Forms.Benchmark.csproj", "{7A0BF4DF-769D-4A7F-8330-BBD063374860}"
EndProject
Project("{FAE04EC0-301F-11D3-BF4B-00C04F79EFBC}") = "Forms.Benchmark.UWP", "Forms.Benchmark\Forms.Benchmark.UWP\Forms.Benchmark.UWP.csproj", "{DAB62092-F444-435F-A3D6-3B9BDB8FAA09}"
EndProject
Project("{FAE04EC0-301F-11D3-BF4B-00C04F79EFBC}") = "Forms.Benchmark.iOS", "Forms.Benchmark\Forms.Benchmark.iOS\Forms.Benchmark.iOS.csproj", "{69618EAF-85D0-48A0-A621-EF4647AA2C21}"
EndProject
Global
	GlobalSection(SolutionConfigurationPlatforms) = preSolution
		Ad-Hoc|Any CPU = Ad-Hoc|Any CPU
		Ad-Hoc|ARM = Ad-Hoc|ARM
		Ad-Hoc|iPhone = Ad-Hoc|iPhone
		Ad-Hoc|iPhoneSimulator = Ad-Hoc|iPhoneSimulator
		Ad-Hoc|x64 = Ad-Hoc|x64
		Ad-Hoc|x86 = Ad-Hoc|x86
		AppStore|Any CPU = AppStore|Any CPU
		AppStore|ARM = AppStore|ARM
		AppStore|iPhone = AppStore|iPhone
		AppStore|iPhoneSimulator = AppStore|iPhoneSimulator
		AppStore|x64 = AppStore|x64
		AppStore|x86 = AppStore|x86
		Debug|Any CPU = Debug|Any CPU
		Debug|ARM = Debug|ARM
		Debug|iPhone = Debug|iPhone
		Debug|iPhoneSimulator = Debug|iPhoneSimulator
		Debug|x64 = Debug|x64
		Debug|x86 = Debug|x86
		Release|Any CPU = Release|Any CPU
		Release|ARM = Release|ARM
		Release|iPhone = Release|iPhone
		Release|iPhoneSimulator = Release|iPhoneSimulator
		Release|x64 = Release|x64
		Release|x86 = Release|x86
	EndGlobalSection
	GlobalSection(ProjectConfigurationPlatforms) = postSolution
		{A471CC09-FF54-4A59-8673-7E32436574D1}.Ad-Hoc|Any CPU.ActiveCfg = Release|Any CPU
		{A471CC09-FF54-4A59-8673-7E32436574D1}.Ad-Hoc|Any CPU.Build.0 = Release|Any CPU
		{A471CC09-FF54-4A59-8673-7E32436574D1}.Ad-Hoc|Any CPU.Deploy.0 = Release|Any CPU
		{A471CC09-FF54-4A59-8673-7E32436574D1}.Ad-Hoc|ARM.ActiveCfg = Release|Any CPU
		{A471CC09-FF54-4A59-8673-7E32436574D1}.Ad-Hoc|ARM.Build.0 = Release|Any CPU
		{A471CC09-FF54-4A59-8673-7E32436574D1}.Ad-Hoc|ARM.Deploy.0 = Release|Any CPU
		{A471CC09-FF54-4A59-8673-7E32436574D1}.Ad-Hoc|iPhone.ActiveCfg = Release|Any CPU
		{A471CC09-FF54-4A59-8673-7E32436574D1}.Ad-Hoc|iPhone.Build.0 = Release|Any CPU
		{A471CC09-FF54-4A59-8673-7E32436574D1}.Ad-Hoc|iPhone.Deploy.0 = Release|Any CPU
		{A471CC09-FF54-4A59-8673-7E32436574D1}.Ad-Hoc|iPhoneSimulator.ActiveCfg = Release|Any CPU
		{A471CC09-FF54-4A59-8673-7E32436574D1}.Ad-Hoc|iPhoneSimulator.Build.0 = Release|Any CPU
		{A471CC09-FF54-4A59-8673-7E32436574D1}.Ad-Hoc|iPhoneSimulator.Deploy.0 = Release|Any CPU
		{A471CC09-FF54-4A59-8673-7E32436574D1}.Ad-Hoc|x64.ActiveCfg = Release|Any CPU
		{A471CC09-FF54-4A59-8673-7E32436574D1}.Ad-Hoc|x64.Build.0 = Release|Any CPU
		{A471CC09-FF54-4A59-8673-7E32436574D1}.Ad-Hoc|x64.Deploy.0 = Release|Any CPU
		{A471CC09-FF54-4A59-8673-7E32436574D1}.Ad-Hoc|x86.ActiveCfg = Release|Any CPU
		{A471CC09-FF54-4A59-8673-7E32436574D1}.Ad-Hoc|x86.Build.0 = Release|Any CPU
		{A471CC09-FF54-4A59-8673-7E32436574D1}.Ad-Hoc|x86.Deploy.0 = Release|Any CPU
		{A471CC09-FF54-4A59-8673-7E32436574D1}.AppStore|Any CPU.ActiveCfg = Release|Any CPU
		{A471CC09-FF54-4A59-8673-7E32436574D1}.AppStore|Any CPU.Build.0 = Release|Any CPU
		{A471CC09-FF54-4A59-8673-7E32436574D1}.AppStore|Any CPU.Deploy.0 = Release|Any CPU
		{A471CC09-FF54-4A59-8673-7E32436574D1}.AppStore|ARM.ActiveCfg = Release|Any CPU
		{A471CC09-FF54-4A59-8673-7E32436574D1}.AppStore|ARM.Build.0 = Release|Any CPU
		{A471CC09-FF54-4A59-8673-7E32436574D1}.AppStore|ARM.Deploy.0 = Release|Any CPU
		{A471CC09-FF54-4A59-8673-7E32436574D1}.AppStore|iPhone.ActiveCfg = Release|Any CPU
		{A471CC09-FF54-4A59-8673-7E32436574D1}.AppStore|iPhone.Build.0 = Release|Any CPU
		{A471CC09-FF54-4A59-8673-7E32436574D1}.AppStore|iPhone.Deploy.0 = Release|Any CPU
		{A471CC09-FF54-4A59-8673-7E32436574D1}.AppStore|iPhoneSimulator.ActiveCfg = Release|Any CPU
		{A471CC09-FF54-4A59-8673-7E32436574D1}.AppStore|iPhoneSimulator.Build.0 = Release|Any CPU
		{A471CC09-FF54-4A59-8673-7E32436574D1}.AppStore|iPhoneSimulator.Deploy.0 = Release|Any CPU
		{A471CC09-FF54-4A59-8673-7E32436574D1}.AppStore|x64.ActiveCfg = Release|Any CPU
		{A471CC09-FF54-4A59-8673-7E32436574D1}.AppStore|x64.Build.0 = Release|Any CPU
		{A471CC09-FF54-4A59-8673-7E32436574D1}.AppStore|x64.Deploy.0 = Release|Any CPU
		{A471CC09-FF54-4A59-8673-7E32436574D1}.AppStore|x86.ActiveCfg = Release|Any CPU
		{A471CC09-FF54-4A59-8673-7E32436574D1}.AppStore|x86.Build.0 = Release|Any CPU
		{A471CC09-FF54-4A59-8673-7E32436574D1}.AppStore|x86.Deploy.0 = Release|Any CPU
		{A471CC09-FF54-4A59-8673-7E32436574D1}.Debug|Any CPU.ActiveCfg = Debug|Any CPU
		{A471CC09-FF54-4A59-8673-7E32436574D1}.Debug|Any CPU.Build.0 = Debug|Any CPU
		{A471CC09-FF54-4A59-8673-7E32436574D1}.Debug|Any CPU.Deploy.0 = Debug|Any CPU
		{A471CC09-FF54-4A59-8673-7E32436574D1}.Debug|ARM.ActiveCfg = Debug|Any CPU
		{A471CC09-FF54-4A59-8673-7E32436574D1}.Debug|ARM.Build.0 = Debug|Any CPU
		{A471CC09-FF54-4A59-8673-7E32436574D1}.Debug|ARM.Deploy.0 = Debug|Any CPU
		{A471CC09-FF54-4A59-8673-7E32436574D1}.Debug|iPhone.ActiveCfg = Debug|Any CPU
		{A471CC09-FF54-4A59-8673-7E32436574D1}.Debug|iPhone.Build.0 = Debug|Any CPU
		{A471CC09-FF54-4A59-8673-7E32436574D1}.Debug|iPhone.Deploy.0 = Debug|Any CPU
		{A471CC09-FF54-4A59-8673-7E32436574D1}.Debug|iPhoneSimulator.ActiveCfg = Debug|Any CPU
		{A471CC09-FF54-4A59-8673-7E32436574D1}.Debug|iPhoneSimulator.Build.0 = Debug|Any CPU
		{A471CC09-FF54-4A59-8673-7E32436574D1}.Debug|iPhoneSimulator.Deploy.0 = Debug|Any CPU
		{A471CC09-FF54-4A59-8673-7E32436574D1}.Debug|x64.ActiveCfg = Debug|Any CPU
		{A471CC09-FF54-4A59-8673-7E32436574D1}.Debug|x64.Build.0 = Debug|Any CPU
		{A471CC09-FF54-4A59-8673-7E32436574D1}.Debug|x64.Deploy.0 = Debug|Any CPU
		{A471CC09-FF54-4A59-8673-7E32436574D1}.Debug|x86.ActiveCfg = Debug|Any CPU
		{A471CC09-FF54-4A59-8673-7E32436574D1}.Debug|x86.Build.0 = Debug|Any CPU
		{A471CC09-FF54-4A59-8673-7E32436574D1}.Debug|x86.Deploy.0 = Debug|Any CPU
		{A471CC09-FF54-4A59-8673-7E32436574D1}.Release|Any CPU.ActiveCfg = Release|Any CPU
		{A471CC09-FF54-4A59-8673-7E32436574D1}.Release|Any CPU.Build.0 = Release|Any CPU
		{A471CC09-FF54-4A59-8673-7E32436574D1}.Release|Any CPU.Deploy.0 = Release|Any CPU
		{A471CC09-FF54-4A59-8673-7E32436574D1}.Release|ARM.ActiveCfg = Release|Any CPU
		{A471CC09-FF54-4A59-8673-7E32436574D1}.Release|ARM.Build.0 = Release|Any CPU
		{A471CC09-FF54-4A59-8673-7E32436574D1}.Release|ARM.Deploy.0 = Release|Any CPU
		{A471CC09-FF54-4A59-8673-7E32436574D1}.Release|iPhone.ActiveCfg = Release|Any CPU
		{A471CC09-FF54-4A59-8673-7E32436574D1}.Release|iPhone.Build.0 = Release|Any CPU
		{A471CC09-FF54-4A59-8673-7E32436574D1}.Release|iPhone.Deploy.0 = Release|Any CPU
		{A471CC09-FF54-4A59-8673-7E32436574D1}.Release|iPhoneSimulator.ActiveCfg = Release|Any CPU
		{A471CC09-FF54-4A59-8673-7E32436574D1}.Release|iPhoneSimulator.Build.0 = Release|Any CPU
		{A471CC09-FF54-4A59-8673-7E32436574D1}.Release|iPhoneSimulator.Deploy.0 = Release|Any CPU
		{A471CC09-FF54-4A59-8673-7E32436574D1}.Release|x64.ActiveCfg = Release|Any CPU
		{A471CC09-FF54-4A59-8673-7E32436574D1}.Release|x64.Build.0 = Release|Any CPU
		{A471CC09-FF54-4A59-8673-7E32436574D1}.Release|x64.Deploy.0 = Release|Any CPU
		{A471CC09-FF54-4A59-8673-7E32436574D1}.Release|x86.ActiveCfg = Release|Any CPU
		{A471CC09-FF54-4A59-8673-7E32436574D1}.Release|x86.Build.0 = Release|Any CPU
		{A471CC09-FF54-4A59-8673-7E32436574D1}.Release|x86.Deploy.0 = Release|Any CPU
		{7A0BF4DF-769D-4A7F-8330-BBD063374860}.Ad-Hoc|Any CPU.ActiveCfg = Release|Any CPU
		{7A0BF4DF-769D-4A7F-8330-BBD063374860}.Ad-Hoc|Any CPU.Build.0 = Release|Any CPU
		{7A0BF4DF-769D-4A7F-8330-BBD063374860}.Ad-Hoc|ARM.ActiveCfg = Release|Any CPU
		{7A0BF4DF-769D-4A7F-8330-BBD063374860}.Ad-Hoc|ARM.Build.0 = Release|Any CPU
		{7A0BF4DF-769D-4A7F-8330-BBD063374860}.Ad-Hoc|iPhone.ActiveCfg = Release|Any CPU
		{7A0BF4DF-769D-4A7F-8330-BBD063374860}.Ad-Hoc|iPhone.Build.0 = Release|Any CPU
		{7A0BF4DF-769D-4A7F-8330-BBD063374860}.Ad-Hoc|iPhoneSimulator.ActiveCfg = Release|Any CPU
		{7A0BF4DF-769D-4A7F-8330-BBD063374860}.Ad-Hoc|iPhoneSimulator.Build.0 = Release|Any CPU
		{7A0BF4DF-769D-4A7F-8330-BBD063374860}.Ad-Hoc|x64.ActiveCfg = Release|Any CPU
		{7A0BF4DF-769D-4A7F-8330-BBD063374860}.Ad-Hoc|x64.Build.0 = Release|Any CPU
		{7A0BF4DF-769D-4A7F-8330-BBD063374860}.Ad-Hoc|x86.ActiveCfg = Release|Any CPU
		{7A0BF4DF-769D-4A7F-8330-BBD063374860}.Ad-Hoc|x86.Build.0 = Release|Any CPU
		{7A0BF4DF-769D-4A7F-8330-BBD063374860}.AppStore|Any CPU.ActiveCfg = Release|Any CPU
		{7A0BF4DF-769D-4A7F-8330-BBD063374860}.AppStore|Any CPU.Build.0 = Release|Any CPU
		{7A0BF4DF-769D-4A7F-8330-BBD063374860}.AppStore|ARM.ActiveCfg = Release|Any CPU
		{7A0BF4DF-769D-4A7F-8330-BBD063374860}.AppStore|ARM.Build.0 = Release|Any CPU
		{7A0BF4DF-769D-4A7F-8330-BBD063374860}.AppStore|iPhone.ActiveCfg = Release|Any CPU
		{7A0BF4DF-769D-4A7F-8330-BBD063374860}.AppStore|iPhone.Build.0 = Release|Any CPU
		{7A0BF4DF-769D-4A7F-8330-BBD063374860}.AppStore|iPhoneSimulator.ActiveCfg = Release|Any CPU
		{7A0BF4DF-769D-4A7F-8330-BBD063374860}.AppStore|iPhoneSimulator.Build.0 = Release|Any CPU
		{7A0BF4DF-769D-4A7F-8330-BBD063374860}.AppStore|x64.ActiveCfg = Release|Any CPU
		{7A0BF4DF-769D-4A7F-8330-BBD063374860}.AppStore|x64.Build.0 = Release|Any CPU
		{7A0BF4DF-769D-4A7F-8330-BBD063374860}.AppStore|x86.ActiveCfg = Release|Any CPU
		{7A0BF4DF-769D-4A7F-8330-BBD063374860}.AppStore|x86.Build.0 = Release|Any CPU
		{7A0BF4DF-769D-4A7F-8330-BBD063374860}.Debug|Any CPU.ActiveCfg = Debug|Any CPU
		{7A0BF4DF-769D-4A7F-8330-BBD063374860}.Debug|Any CPU.Build.0 = Debug|Any CPU
		{7A0BF4DF-769D-4A7F-8330-BBD063374860}.Debug|ARM.ActiveCfg = Debug|Any CPU
		{7A0BF4DF-769D-4A7F-8330-BBD063374860}.Debug|ARM.Build.0 = Debug|Any CPU
		{7A0BF4DF-769D-4A7F-8330-BBD063374860}.Debug|iPhone.ActiveCfg = Debug|Any CPU
		{7A0BF4DF-769D-4A7F-8330-BBD063374860}.Debug|iPhone.Build.0 = Debug|Any CPU
		{7A0BF4DF-769D-4A7F-8330-BBD063374860}.Debug|iPhoneSimulator.ActiveCfg = Debug|Any CPU
		{7A0BF4DF-769D-4A7F-8330-BBD063374860}.Debug|iPhoneSimulator.Build.0 = Debug|Any CPU
		{7A0BF4DF-769D-4A7F-8330-BBD063374860}.Debug|x64.ActiveCfg = Debug|Any CPU
		{7A0BF4DF-769D-4A7F-8330-BBD063374860}.Debug|x64.Build.0 = Debug|Any CPU
		{7A0BF4DF-769D-4A7F-8330-BBD063374860}.Debug|x86.ActiveCfg = Debug|Any CPU
		{7A0BF4DF-769D-4A7F-8330-BBD063374860}.Debug|x86.Build.0 = Debug|Any CPU
		{7A0BF4DF-769D-4A7F-8330-BBD063374860}.Release|Any CPU.ActiveCfg = Release|Any CPU
		{7A0BF4DF-769D-4A7F-8330-BBD063374860}.Release|Any CPU.Build.0 = Release|Any CPU
		{7A0BF4DF-769D-4A7F-8330-BBD063374860}.Release|ARM.ActiveCfg = Release|Any CPU
		{7A0BF4DF-769D-4A7F-8330-BBD063374860}.Release|ARM.Build.0 = Release|Any CPU
		{7A0BF4DF-769D-4A7F-8330-BBD063374860}.Release|iPhone.ActiveCfg = Release|Any CPU
		{7A0BF4DF-769D-4A7F-8330-BBD063374860}.Release|iPhone.Build.0 = Release|Any CPU
		{7A0BF4DF-769D-4A7F-8330-BBD063374860}.Release|iPhoneSimulator.ActiveCfg = Release|Any CPU
		{7A0BF4DF-769D-4A7F-8330-BBD063374860}.Release|iPhoneSimulator.Build.0 = Release|Any CPU
		{7A0BF4DF-769D-4A7F-8330-BBD063374860}.Release|x64.ActiveCfg = Release|Any CPU
		{7A0BF4DF-769D-4A7F-8330-BBD063374860}.Release|x64.Build.0 = Release|Any CPU
		{7A0BF4DF-769D-4A7F-8330-BBD063374860}.Release|x86.ActiveCfg = Release|Any CPU
		{7A0BF4DF-769D-4A7F-8330-BBD063374860}.Release|x86.Build.0 = Release|Any CPU
		{DAB62092-F444-435F-A3D6-3B9BDB8FAA09}.Ad-Hoc|Any CPU.ActiveCfg = Release|x86
		{DAB62092-F444-435F-A3D6-3B9BDB8FAA09}.Ad-Hoc|Any CPU.Build.0 = Release|x86
		{DAB62092-F444-435F-A3D6-3B9BDB8FAA09}.Ad-Hoc|Any CPU.Deploy.0 = Release|x86
		{DAB62092-F444-435F-A3D6-3B9BDB8FAA09}.Ad-Hoc|ARM.ActiveCfg = Release|ARM
		{DAB62092-F444-435F-A3D6-3B9BDB8FAA09}.Ad-Hoc|ARM.Build.0 = Release|ARM
		{DAB62092-F444-435F-A3D6-3B9BDB8FAA09}.Ad-Hoc|ARM.Deploy.0 = Release|ARM
		{DAB62092-F444-435F-A3D6-3B9BDB8FAA09}.Ad-Hoc|iPhone.ActiveCfg = Release|x86
		{DAB62092-F444-435F-A3D6-3B9BDB8FAA09}.Ad-Hoc|iPhone.Build.0 = Release|x86
		{DAB62092-F444-435F-A3D6-3B9BDB8FAA09}.Ad-Hoc|iPhone.Deploy.0 = Release|x86
		{DAB62092-F444-435F-A3D6-3B9BDB8FAA09}.Ad-Hoc|iPhoneSimulator.ActiveCfg = Release|x86
		{DAB62092-F444-435F-A3D6-3B9BDB8FAA09}.Ad-Hoc|iPhoneSimulator.Build.0 = Release|x86
		{DAB62092-F444-435F-A3D6-3B9BDB8FAA09}.Ad-Hoc|iPhoneSimulator.Deploy.0 = Release|x86
		{DAB62092-F444-435F-A3D6-3B9BDB8FAA09}.Ad-Hoc|x64.ActiveCfg = Release|x64
		{DAB62092-F444-435F-A3D6-3B9BDB8FAA09}.Ad-Hoc|x64.Build.0 = Release|x64
		{DAB62092-F444-435F-A3D6-3B9BDB8FAA09}.Ad-Hoc|x64.Deploy.0 = Release|x64
		{DAB62092-F444-435F-A3D6-3B9BDB8FAA09}.Ad-Hoc|x86.ActiveCfg = Release|x86
		{DAB62092-F444-435F-A3D6-3B9BDB8FAA09}.Ad-Hoc|x86.Build.0 = Release|x86
		{DAB62092-F444-435F-A3D6-3B9BDB8FAA09}.Ad-Hoc|x86.Deploy.0 = Release|x86
		{DAB62092-F444-435F-A3D6-3B9BDB8FAA09}.AppStore|Any CPU.ActiveCfg = Release|x86
		{DAB62092-F444-435F-A3D6-3B9BDB8FAA09}.AppStore|Any CPU.Build.0 = Release|x86
		{DAB62092-F444-435F-A3D6-3B9BDB8FAA09}.AppStore|Any CPU.Deploy.0 = Release|x86
		{DAB62092-F444-435F-A3D6-3B9BDB8FAA09}.AppStore|ARM.ActiveCfg = Release|ARM
		{DAB62092-F444-435F-A3D6-3B9BDB8FAA09}.AppStore|ARM.Build.0 = Release|ARM
		{DAB62092-F444-435F-A3D6-3B9BDB8FAA09}.AppStore|ARM.Deploy.0 = Release|ARM
		{DAB62092-F444-435F-A3D6-3B9BDB8FAA09}.AppStore|iPhone.ActiveCfg = Release|x86
		{DAB62092-F444-435F-A3D6-3B9BDB8FAA09}.AppStore|iPhone.Build.0 = Release|x86
		{DAB62092-F444-435F-A3D6-3B9BDB8FAA09}.AppStore|iPhone.Deploy.0 = Release|x86
		{DAB62092-F444-435F-A3D6-3B9BDB8FAA09}.AppStore|iPhoneSimulator.ActiveCfg = Release|x86
		{DAB62092-F444-435F-A3D6-3B9BDB8FAA09}.AppStore|iPhoneSimulator.Build.0 = Release|x86
		{DAB62092-F444-435F-A3D6-3B9BDB8FAA09}.AppStore|iPhoneSimulator.Deploy.0 = Release|x86
		{DAB62092-F444-435F-A3D6-3B9BDB8FAA09}.AppStore|x64.ActiveCfg = Release|x64
		{DAB62092-F444-435F-A3D6-3B9BDB8FAA09}.AppStore|x64.Build.0 = Release|x64
		{DAB62092-F444-435F-A3D6-3B9BDB8FAA09}.AppStore|x64.Deploy.0 = Release|x64
		{DAB62092-F444-435F-A3D6-3B9BDB8FAA09}.AppStore|x86.ActiveCfg = Release|x86
		{DAB62092-F444-435F-A3D6-3B9BDB8FAA09}.AppStore|x86.Build.0 = Release|x86
		{DAB62092-F444-435F-A3D6-3B9BDB8FAA09}.AppStore|x86.Deploy.0 = Release|x86
		{DAB62092-F444-435F-A3D6-3B9BDB8FAA09}.Debug|Any CPU.ActiveCfg = Debug|x86
		{DAB62092-F444-435F-A3D6-3B9BDB8FAA09}.Debug|ARM.ActiveCfg = Debug|ARM
		{DAB62092-F444-435F-A3D6-3B9BDB8FAA09}.Debug|ARM.Build.0 = Debug|ARM
		{DAB62092-F444-435F-A3D6-3B9BDB8FAA09}.Debug|ARM.Deploy.0 = Debug|ARM
		{DAB62092-F444-435F-A3D6-3B9BDB8FAA09}.Debug|iPhone.ActiveCfg = Debug|x86
		{DAB62092-F444-435F-A3D6-3B9BDB8FAA09}.Debug|iPhoneSimulator.ActiveCfg = Debug|x86
		{DAB62092-F444-435F-A3D6-3B9BDB8FAA09}.Debug|x64.ActiveCfg = Debug|x64
		{DAB62092-F444-435F-A3D6-3B9BDB8FAA09}.Debug|x64.Build.0 = Debug|x64
		{DAB62092-F444-435F-A3D6-3B9BDB8FAA09}.Debug|x64.Deploy.0 = Debug|x64
		{DAB62092-F444-435F-A3D6-3B9BDB8FAA09}.Debug|x86.ActiveCfg = Debug|x86
		{DAB62092-F444-435F-A3D6-3B9BDB8FAA09}.Debug|x86.Build.0 = Debug|x86
		{DAB62092-F444-435F-A3D6-3B9BDB8FAA09}.Debug|x86.Deploy.0 = Debug|x86
		{DAB62092-F444-435F-A3D6-3B9BDB8FAA09}.Release|Any CPU.ActiveCfg = Release|x86
		{DAB62092-F444-435F-A3D6-3B9BDB8FAA09}.Release|ARM.ActiveCfg = Release|ARM
		{DAB62092-F444-435F-A3D6-3B9BDB8FAA09}.Release|ARM.Build.0 = Release|ARM
		{DAB62092-F444-435F-A3D6-3B9BDB8FAA09}.Release|ARM.Deploy.0 = Release|ARM
		{DAB62092-F444-435F-A3D6-3B9BDB8FAA09}.Release|iPhone.ActiveCfg = Release|x86
		{DAB62092-F444-435F-A3D6-3B9BDB8FAA09}.Release|iPhoneSimulator.ActiveCfg = Release|x86
		{DAB62092-F444-435F-A3D6-3B9BDB8FAA09}.Release|x64.ActiveCfg = Release|x64
		{DAB62092-F444-435F-A3D6-3B9BDB8FAA09}.Release|x64.Build.0 = Release|x64
		{DAB62092-F444-435F-A3D6-3B9BDB8FAA09}.Release|x64.Deploy.0 = Release|x64
		{DAB62092-F444-435F-A3D6-3B9BDB8FAA09}.Release|x86.ActiveCfg = Release|x86
		{DAB62092-F444-435F-A3D6-3B9BDB8FAA09}.Release|x86.Build.0 = Release|x86
		{DAB62092-F444-435F-A3D6-3B9BDB8FAA09}.Release|x86.Deploy.0 = Release|x86
		{69618EAF-85D0-48A0-A621-EF4647AA2C21}.Ad-Hoc|Any CPU.ActiveCfg = Ad-Hoc|iPhone
		{69618EAF-85D0-48A0-A621-EF4647AA2C21}.Ad-Hoc|ARM.ActiveCfg = Ad-Hoc|iPhone
		{69618EAF-85D0-48A0-A621-EF4647AA2C21}.Ad-Hoc|iPhone.ActiveCfg = Ad-Hoc|iPhone
		{69618EAF-85D0-48A0-A621-EF4647AA2C21}.Ad-Hoc|iPhone.Build.0 = Ad-Hoc|iPhone
		{69618EAF-85D0-48A0-A621-EF4647AA2C21}.Ad-Hoc|iPhoneSimulator.ActiveCfg = Ad-Hoc|iPhoneSimulator
		{69618EAF-85D0-48A0-A621-EF4647AA2C21}.Ad-Hoc|iPhoneSimulator.Build.0 = Ad-Hoc|iPhoneSimulator
		{69618EAF-85D0-48A0-A621-EF4647AA2C21}.Ad-Hoc|x64.ActiveCfg = Ad-Hoc|iPhone
		{69618EAF-85D0-48A0-A621-EF4647AA2C21}.Ad-Hoc|x86.ActiveCfg = Ad-Hoc|iPhone
		{69618EAF-85D0-48A0-A621-EF4647AA2C21}.AppStore|Any CPU.ActiveCfg = AppStore|iPhone
		{69618EAF-85D0-48A0-A621-EF4647AA2C21}.AppStore|ARM.ActiveCfg = AppStore|iPhone
		{69618EAF-85D0-48A0-A621-EF4647AA2C21}.AppStore|iPhone.ActiveCfg = AppStore|iPhone
		{69618EAF-85D0-48A0-A621-EF4647AA2C21}.AppStore|iPhone.Build.0 = AppStore|iPhone
		{69618EAF-85D0-48A0-A621-EF4647AA2C21}.AppStore|iPhoneSimulator.ActiveCfg = AppStore|iPhoneSimulator
		{69618EAF-85D0-48A0-A621-EF4647AA2C21}.AppStore|iPhoneSimulator.Build.0 = AppStore|iPhoneSimulator
		{69618EAF-85D0-48A0-A621-EF4647AA2C21}.AppStore|x64.ActiveCfg = AppStore|iPhone
		{69618EAF-85D0-48A0-A621-EF4647AA2C21}.AppStore|x86.ActiveCfg = AppStore|iPhone
		{69618EAF-85D0-48A0-A621-EF4647AA2C21}.Debug|Any CPU.ActiveCfg = Debug|iPhone
		{69618EAF-85D0-48A0-A621-EF4647AA2C21}.Debug|ARM.ActiveCfg = Debug|iPhone
		{69618EAF-85D0-48A0-A621-EF4647AA2C21}.Debug|iPhone.ActiveCfg = Debug|iPhone
		{69618EAF-85D0-48A0-A621-EF4647AA2C21}.Debug|iPhone.Build.0 = Debug|iPhone
		{69618EAF-85D0-48A0-A621-EF4647AA2C21}.Debug|iPhoneSimulator.ActiveCfg = Debug|iPhoneSimulator
		{69618EAF-85D0-48A0-A621-EF4647AA2C21}.Debug|iPhoneSimulator.Build.0 = Debug|iPhoneSimulator
		{69618EAF-85D0-48A0-A621-EF4647AA2C21}.Debug|x64.ActiveCfg = Debug|iPhone
		{69618EAF-85D0-48A0-A621-EF4647AA2C21}.Debug|x86.ActiveCfg = Debug|iPhone
		{69618EAF-85D0-48A0-A621-EF4647AA2C21}.Release|Any CPU.ActiveCfg = Release|iPhone
		{69618EAF-85D0-48A0-A621-EF4647AA2C21}.Release|ARM.ActiveCfg = Release|iPhone
		{69618EAF-85D0-48A0-A621-EF4647AA2C21}.Release|iPhone.ActiveCfg = Release|iPhone
		{69618EAF-85D0-48A0-A621-EF4647AA2C21}.Release|iPhone.Build.0 = Release|iPhone
		{69618EAF-85D0-48A0-A621-EF4647AA2C21}.Release|iPhoneSimulator.ActiveCfg = Release|iPhoneSimulator
		{69618EAF-85D0-48A0-A621-EF4647AA2C21}.Release|iPhoneSimulator.Build.0 = Release|iPhoneSimulator
		{69618EAF-85D0-48A0-A621-EF4647AA2C21}.Release|x64.ActiveCfg = Release|iPhone
		{69618EAF-85D0-48A0-A621-EF4647AA2C21}.Release|x86.ActiveCfg = Release|iPhone
	EndGlobalSection
	GlobalSection(SolutionProperties) = preSolution
		HideSolutionNode = FALSE
	EndGlobalSection
	GlobalSection(ExtensibilityGlobals) = postSolution
		SolutionGuid = {B069C6BC-3F58-4F70-88AB-95FBD6A93DA7}
	EndGlobalSection
EndGlobal
